// !$*UTF8*$!
{
	archiveVersion = 1;
	classes = {
	};
	objectVersion = 50;
	objects = {

/* Begin PBXBuildFile section */
		9A8CF3B826F594DA000EB91E /* main.cpp in Sources */ = {isa = PBXBuildFile; fileRef = 9A8CF3B726F594DA000EB91E /* main.cpp */; };
		9A98584A27071E9400DA6E82 /* PracticeAllPairsShortest.cpp in Sources */ = {isa = PBXBuildFile; fileRef = 9A98584827071E9400DA6E82 /* PracticeAllPairsShortest.cpp */; };
		9A98584D2707255300DA6E82 /* PracticeMatrixChain.cpp in Sources */ = {isa = PBXBuildFile; fileRef = 9A98584B2707255300DA6E82 /* PracticeMatrixChain.cpp */; };
		9A98585027080AA000DA6E82 /* PracticeKnapsack.cpp in Sources */ = {isa = PBXBuildFile; fileRef = 9A98584E27080AA000DA6E82 /* PracticeKnapsack.cpp */; };
		9A98585327080BED00DA6E82 /* PracticeDPCoinChange.cpp in Sources */ = {isa = PBXBuildFile; fileRef = 9A98585127080BED00DA6E82 /* PracticeDPCoinChange.cpp */; };
		9AA5E2AD26F8830C00C0945D /* OpenChatLevel2.cpp in Sources */ = {isa = PBXBuildFile; fileRef = 9AA5E2AB26F8830C00C0945D /* OpenChatLevel2.cpp */; };
		9AA5E2B026F883BE00C0945D /* Inflator.cpp in Sources */ = {isa = PBXBuildFile; fileRef = 9AA5E2AE26F883BE00C0945D /* Inflator.cpp */; };
		9AA5E2B626F88F8A00C0945D /* OnewTwoFourNationLevel2.cpp in Sources */ = {isa = PBXBuildFile; fileRef = 9AA5E2B526F88F8A00C0945D /* OnewTwoFourNationLevel2.cpp */; };
		9ADE87BA270057D5006336D4 /* ImagrationLevel3.cpp in Sources */ = {isa = PBXBuildFile; fileRef = 9ADE87B8270057D5006336D4 /* ImagrationLevel3.cpp */; };
		9AE790EA270073B900C6492E /* IntegerTriangleLevel3.cpp in Sources */ = {isa = PBXBuildFile; fileRef = 9AE790E8270073B900C6492E /* IntegerTriangleLevel3.cpp */; };
/* End PBXBuildFile section */

/* Begin PBXCopyFilesBuildPhase section */
		9A8CF3B226F594DA000EB91E /* CopyFiles */ = {
			isa = PBXCopyFilesBuildPhase;
			buildActionMask = 2147483647;
			dstPath = /usr/share/man/man1/;
			dstSubfolderSpec = 0;
			files = (
			);
			runOnlyForDeploymentPostprocessing = 1;
		};
/* End PBXCopyFilesBuildPhase section */

/* Begin PBXFileReference section */
		9A8CF3B426F594DA000EB91E /* CppConsole */ = {isa = PBXFileReference; explicitFileType = "compiled.mach-o.executable"; includeInIndex = 0; path = CppConsole; sourceTree = BUILT_PRODUCTS_DIR; };
		9A8CF3B726F594DA000EB91E /* main.cpp */ = {isa = PBXFileReference; lastKnownFileType = sourcecode.cpp.cpp; path = main.cpp; sourceTree = "<group>"; };
		9A98584827071E9400DA6E82 /* PracticeAllPairsShortest.cpp */ = {isa = PBXFileReference; lastKnownFileType = sourcecode.cpp.cpp; path = PracticeAllPairsShortest.cpp; sourceTree = "<group>"; };
		9A98584927071E9400DA6E82 /* PracticeAllPairsShortest.hpp */ = {isa = PBXFileReference; lastKnownFileType = sourcecode.cpp.h; path = PracticeAllPairsShortest.hpp; sourceTree = "<group>"; };
		9A98584B2707255300DA6E82 /* PracticeMatrixChain.cpp */ = {isa = PBXFileReference; lastKnownFileType = sourcecode.cpp.cpp; path = PracticeMatrixChain.cpp; sourceTree = "<group>"; };
		9A98584C2707255300DA6E82 /* PracticeMatrixChain.hpp */ = {isa = PBXFileReference; lastKnownFileType = sourcecode.cpp.h; path = PracticeMatrixChain.hpp; sourceTree = "<group>"; };
		9A98584E27080AA000DA6E82 /* PracticeKnapsack.cpp */ = {isa = PBXFileReference; lastKnownFileType = sourcecode.cpp.cpp; path = PracticeKnapsack.cpp; sourceTree = "<group>"; };
		9A98584F27080AA000DA6E82 /* PracticeKnapsack.hpp */ = {isa = PBXFileReference; lastKnownFileType = sourcecode.cpp.h; path = PracticeKnapsack.hpp; sourceTree = "<group>"; };
		9A98585127080BED00DA6E82 /* PracticeDPCoinChange.cpp */ = {isa = PBXFileReference; lastKnownFileType = sourcecode.cpp.cpp; path = PracticeDPCoinChange.cpp; sourceTree = "<group>"; };
		9A98585227080BED00DA6E82 /* PracticeDPCoinChange.hpp */ = {isa = PBXFileReference; lastKnownFileType = sourcecode.cpp.h; path = PracticeDPCoinChange.hpp; sourceTree = "<group>"; };
		9AA5E2AB26F8830C00C0945D /* OpenChatLevel2.cpp */ = {isa = PBXFileReference; lastKnownFileType = sourcecode.cpp.cpp; path = OpenChatLevel2.cpp; sourceTree = "<group>"; };
		9AA5E2AC26F8830C00C0945D /* OpenChatLevel2.hpp */ = {isa = PBXFileReference; lastKnownFileType = sourcecode.cpp.h; path = OpenChatLevel2.hpp; sourceTree = "<group>"; };
		9AA5E2AE26F883BE00C0945D /* Inflator.cpp */ = {isa = PBXFileReference; lastKnownFileType = sourcecode.cpp.cpp; path = Inflator.cpp; sourceTree = "<group>"; };
		9AA5E2AF26F883BE00C0945D /* Inflator.hpp */ = {isa = PBXFileReference; lastKnownFileType = sourcecode.cpp.h; path = Inflator.hpp; sourceTree = "<group>"; };
		9AA5E2B426F88F8A00C0945D /* OneTwoFourNationLevel2.hpp */ = {isa = PBXFileReference; fileEncoding = 4; lastKnownFileType = sourcecode.cpp.h; path = OneTwoFourNationLevel2.hpp; sourceTree = "<group>"; };
		9AA5E2B526F88F8A00C0945D /* OnewTwoFourNationLevel2.cpp */ = {isa = PBXFileReference; fileEncoding = 4; lastKnownFileType = sourcecode.cpp.cpp; path = OnewTwoFourNationLevel2.cpp; sourceTree = "<group>"; };
		9ADE87B8270057D5006336D4 /* ImagrationLevel3.cpp */ = {isa = PBXFileReference; lastKnownFileType = sourcecode.cpp.cpp; path = ImagrationLevel3.cpp; sourceTree = "<group>"; };
		9ADE87B9270057D5006336D4 /* ImagrationLevel3.hpp */ = {isa = PBXFileReference; lastKnownFileType = sourcecode.cpp.h; path = ImagrationLevel3.hpp; sourceTree = "<group>"; };
		9AE790E8270073B900C6492E /* IntegerTriangleLevel3.cpp */ = {isa = PBXFileReference; lastKnownFileType = sourcecode.cpp.cpp; path = IntegerTriangleLevel3.cpp; sourceTree = "<group>"; };
		9AE790E9270073B900C6492E /* IntegerTriangleLevel3.hpp */ = {isa = PBXFileReference; lastKnownFileType = sourcecode.cpp.h; path = IntegerTriangleLevel3.hpp; sourceTree = "<group>"; };
/* End PBXFileReference section */

/* Begin PBXFrameworksBuildPhase section */
		9A8CF3B126F594DA000EB91E /* Frameworks */ = {
			isa = PBXFrameworksBuildPhase;
			buildActionMask = 2147483647;
			files = (
			);
			runOnlyForDeploymentPostprocessing = 0;
		};
/* End PBXFrameworksBuildPhase section */

/* Begin PBXGroup section */
		9A8CF3AB26F594DA000EB91E = {
			isa = PBXGroup;
			children = (
				9A8CF3B626F594DA000EB91E /* CppConsole */,
				9A8CF3B526F594DA000EB91E /* Products */,
			);
			sourceTree = "<group>";
		};
		9A8CF3B526F594DA000EB91E /* Products */ = {
			isa = PBXGroup;
			children = (
				9A8CF3B426F594DA000EB91E /* CppConsole */,
			);
			name = Products;
			sourceTree = "<group>";
		};
		9A8CF3B626F594DA000EB91E /* CppConsole */ = {
			isa = PBXGroup;
			children = (
				9AA5E2B426F88F8A00C0945D /* OneTwoFourNationLevel2.hpp */,
				9AA5E2B526F88F8A00C0945D /* OnewTwoFourNationLevel2.cpp */,
				9A8CF3B726F594DA000EB91E /* main.cpp */,
				9AA5E2AB26F8830C00C0945D /* OpenChatLevel2.cpp */,
				9AA5E2AC26F8830C00C0945D /* OpenChatLevel2.hpp */,
				9AA5E2AE26F883BE00C0945D /* Inflator.cpp */,
				9AA5E2AF26F883BE00C0945D /* Inflator.hpp */,
				9ADE87B8270057D5006336D4 /* ImagrationLevel3.cpp */,
				9ADE87B9270057D5006336D4 /* ImagrationLevel3.hpp */,
				9AE790E8270073B900C6492E /* IntegerTriangleLevel3.cpp */,
				9AE790E9270073B900C6492E /* IntegerTriangleLevel3.hpp */,
				9A98584827071E9400DA6E82 /* PracticeAllPairsShortest.cpp */,
				9A98584927071E9400DA6E82 /* PracticeAllPairsShortest.hpp */,
				9A98584B2707255300DA6E82 /* PracticeMatrixChain.cpp */,
				9A98584C2707255300DA6E82 /* PracticeMatrixChain.hpp */,
				9A98584E27080AA000DA6E82 /* PracticeKnapsack.cpp */,
				9A98584F27080AA000DA6E82 /* PracticeKnapsack.hpp */,
				9A98585127080BED00DA6E82 /* PracticeDPCoinChange.cpp */,
				9A98585227080BED00DA6E82 /* PracticeDPCoinChange.hpp */,
			);
			path = CppConsole;
			sourceTree = "<group>";
		};
/* End PBXGroup section */

/* Begin PBXNativeTarget section */
		9A8CF3B326F594DA000EB91E /* testConsole */ = {
			isa = PBXNativeTarget;
			buildConfigurationList = 9A8CF3BB26F594DA000EB91E /* Build configuration list for PBXNativeTarget "testConsole" */;
			buildPhases = (
				9A8CF3B026F594DA000EB91E /* Sources */,
				9A8CF3B126F594DA000EB91E /* Frameworks */,
				9A8CF3B226F594DA000EB91E /* CopyFiles */,
			);
			buildRules = (
			);
			dependencies = (
			);
			name = testConsole;
			productName = testConsole;
			productReference = 9A8CF3B426F594DA000EB91E /* CppConsole */;
			productType = "com.apple.product-type.tool";
		};
/* End PBXNativeTarget section */

/* Begin PBXProject section */
		9A8CF3AC26F594DA000EB91E /* Project object */ = {
			isa = PBXProject;
			attributes = {
				LastUpgradeCheck = 1250;
				TargetAttributes = {
					9A8CF3B326F594DA000EB91E = {
						CreatedOnToolsVersion = 12.5.1;
					};
				};
			};
			buildConfigurationList = 9A8CF3AF26F594DA000EB91E /* Build configuration list for PBXProject "CppConsole" */;
			compatibilityVersion = "Xcode 9.3";
			developmentRegion = en;
			hasScannedForEncodings = 0;
			knownRegions = (
				en,
				Base,
			);
			mainGroup = 9A8CF3AB26F594DA000EB91E;
			productRefGroup = 9A8CF3B526F594DA000EB91E /* Products */;
			projectDirPath = "";
			projectRoot = "";
			targets = (
				9A8CF3B326F594DA000EB91E /* testConsole */,
			);
		};
/* End PBXProject section */

/* Begin PBXSourcesBuildPhase section */
		9A8CF3B026F594DA000EB91E /* Sources */ = {
			isa = PBXSourcesBuildPhase;
			buildActionMask = 2147483647;
			files = (
				9A98585327080BED00DA6E82 /* PracticeDPCoinChange.cpp in Sources */,
				9A8CF3B826F594DA000EB91E /* main.cpp in Sources */,
				9A98585027080AA000DA6E82 /* PracticeKnapsack.cpp in Sources */,
				9AA5E2AD26F8830C00C0945D /* OpenChatLevel2.cpp in Sources */,
				9AA5E2B626F88F8A00C0945D /* OnewTwoFourNationLevel2.cpp in Sources */,
				9A98584D2707255300DA6E82 /* PracticeMatrixChain.cpp in Sources */,
				9AA5E2B026F883BE00C0945D /* Inflator.cpp in Sources */,
				9A98584A27071E9400DA6E82 /* PracticeAllPairsShortest.cpp in Sources */,
				9ADE87BA270057D5006336D4 /* ImagrationLevel3.cpp in Sources */,
				9AE790EA270073B900C6492E /* IntegerTriangleLevel3.cpp in Sources */,
			);
			runOnlyForDeploymentPostprocessing = 0;
		};
/* End PBXSourcesBuildPhase section */

/* Begin XCBuildConfiguration section */
		9A8CF3B926F594DA000EB91E /* Debug */ = {
			isa = XCBuildConfiguration;
			buildSettings = {
				ALWAYS_SEARCH_USER_PATHS = NO;
				CLANG_ANALYZER_NONNULL = YES;
				CLANG_ANALYZER_NUMBER_OBJECT_CONVERSION = YES_AGGRESSIVE;
				CLANG_CXX_LANGUAGE_STANDARD = "gnu++14";
				CLANG_CXX_LIBRARY = "libc++";
				CLANG_ENABLE_MODULES = YES;
				CLANG_ENABLE_OBJC_ARC = YES;
				CLANG_ENABLE_OBJC_WEAK = YES;
				CLANG_WARN_BLOCK_CAPTURE_AUTORELEASING = YES;
				CLANG_WARN_BOOL_CONVERSION = YES;
				CLANG_WARN_COMMA = YES;
				CLANG_WARN_CONSTANT_CONVERSION = YES;
				CLANG_WARN_DEPRECATED_OBJC_IMPLEMENTATIONS = YES;
				CLANG_WARN_DIRECT_OBJC_ISA_USAGE = YES_ERROR;
				CLANG_WARN_DOCUMENTATION_COMMENTS = YES;
				CLANG_WARN_EMPTY_BODY = YES;
				CLANG_WARN_ENUM_CONVERSION = YES;
				CLANG_WARN_INFINITE_RECURSION = YES;
				CLANG_WARN_INT_CONVERSION = YES;
				CLANG_WARN_NON_LITERAL_NULL_CONVERSION = YES;
				CLANG_WARN_OBJC_IMPLICIT_RETAIN_SELF = YES;
				CLANG_WARN_OBJC_LITERAL_CONVERSION = YES;
				CLANG_WARN_OBJC_ROOT_CLASS = YES_ERROR;
				CLANG_WARN_QUOTED_INCLUDE_IN_FRAMEWORK_HEADER = YES;
				CLANG_WARN_RANGE_LOOP_ANALYSIS = YES;
				CLANG_WARN_STRICT_PROTOTYPES = YES;
				CLANG_WARN_SUSPICIOUS_MOVE = YES;
				CLANG_WARN_UNGUARDED_AVAILABILITY = YES_AGGRESSIVE;
				CLANG_WARN_UNREACHABLE_CODE = YES;
				CLANG_WARN__DUPLICATE_METHOD_MATCH = YES;
				COPY_PHASE_STRIP = NO;
				DEBUG_INFORMATION_FORMAT = dwarf;
				ENABLE_STRICT_OBJC_MSGSEND = YES;
				ENABLE_TESTABILITY = YES;
				GCC_C_LANGUAGE_STANDARD = gnu11;
				GCC_DYNAMIC_NO_PIC = NO;
				GCC_NO_COMMON_BLOCKS = YES;
				GCC_OPTIMIZATION_LEVEL = 0;
				GCC_PREPROCESSOR_DEFINITIONS = (
					"DEBUG=1",
					"$(inherited)",
				);
				GCC_WARN_64_TO_32_BIT_CONVERSION = YES;
				GCC_WARN_ABOUT_RETURN_TYPE = YES_ERROR;
				GCC_WARN_UNDECLARED_SELECTOR = YES;
				GCC_WARN_UNINITIALIZED_AUTOS = YES_AGGRESSIVE;
				GCC_WARN_UNUSED_FUNCTION = YES;
				GCC_WARN_UNUSED_VARIABLE = YES;
				MACOSX_DEPLOYMENT_TARGET = 11.3;
				MTL_ENABLE_DEBUG_INFO = INCLUDE_SOURCE;
				MTL_FAST_MATH = YES;
				ONLY_ACTIVE_ARCH = YES;
				SDKROOT = macosx;
			};
			name = Debug;
		};
		9A8CF3BA26F594DA000EB91E /* Release */ = {
			isa = XCBuildConfiguration;
			buildSettings = {
				ALWAYS_SEARCH_USER_PATHS = NO;
				CLANG_ANALYZER_NONNULL = YES;
				CLANG_ANALYZER_NUMBER_OBJECT_CONVERSION = YES_AGGRESSIVE;
				CLANG_CXX_LANGUAGE_STANDARD = "gnu++14";
				CLANG_CXX_LIBRARY = "libc++";
				CLANG_ENABLE_MODULES = YES;
				CLANG_ENABLE_OBJC_ARC = YES;
				CLANG_ENABLE_OBJC_WEAK = YES;
				CLANG_WARN_BLOCK_CAPTURE_AUTORELEASING = YES;
				CLANG_WARN_BOOL_CONVERSION = YES;
				CLANG_WARN_COMMA = YES;
				CLANG_WARN_CONSTANT_CONVERSION = YES;
				CLANG_WARN_DEPRECATED_OBJC_IMPLEMENTATIONS = YES;
				CLANG_WARN_DIRECT_OBJC_ISA_USAGE = YES_ERROR;
				CLANG_WARN_DOCUMENTATION_COMMENTS = YES;
				CLANG_WARN_EMPTY_BODY = YES;
				CLANG_WARN_ENUM_CONVERSION = YES;
				CLANG_WARN_INFINITE_RECURSION = YES;
				CLANG_WARN_INT_CONVERSION = YES;
				CLANG_WARN_NON_LITERAL_NULL_CONVERSION = YES;
				CLANG_WARN_OBJC_IMPLICIT_RETAIN_SELF = YES;
				CLANG_WARN_OBJC_LITERAL_CONVERSION = YES;
				CLANG_WARN_OBJC_ROOT_CLASS = YES_ERROR;
				CLANG_WARN_QUOTED_INCLUDE_IN_FRAMEWORK_HEADER = YES;
				CLANG_WARN_RANGE_LOOP_ANALYSIS = YES;
				CLANG_WARN_STRICT_PROTOTYPES = YES;
				CLANG_WARN_SUSPICIOUS_MOVE = YES;
				CLANG_WARN_UNGUARDED_AVAILABILITY = YES_AGGRESSIVE;
				CLANG_WARN_UNREACHABLE_CODE = YES;
				CLANG_WARN__DUPLICATE_METHOD_MATCH = YES;
				COPY_PHASE_STRIP = NO;
				DEBUG_INFORMATION_FORMAT = "dwarf-with-dsym";
				ENABLE_NS_ASSERTIONS = NO;
				ENABLE_STRICT_OBJC_MSGSEND = YES;
				GCC_C_LANGUAGE_STANDARD = gnu11;
				GCC_NO_COMMON_BLOCKS = YES;
				GCC_WARN_64_TO_32_BIT_CONVERSION = YES;
				GCC_WARN_ABOUT_RETURN_TYPE = YES_ERROR;
				GCC_WARN_UNDECLARED_SELECTOR = YES;
				GCC_WARN_UNINITIALIZED_AUTOS = YES_AGGRESSIVE;
				GCC_WARN_UNUSED_FUNCTION = YES;
				GCC_WARN_UNUSED_VARIABLE = YES;
				MACOSX_DEPLOYMENT_TARGET = 11.3;
				MTL_ENABLE_DEBUG_INFO = NO;
				MTL_FAST_MATH = YES;
				SDKROOT = macosx;
			};
			name = Release;
		};
		9A8CF3BC26F594DA000EB91E /* Debug */ = {
			isa = XCBuildConfiguration;
			buildSettings = {
				CODE_SIGN_STYLE = Automatic;
				PRODUCT_NAME = CppConsole;
			};
			name = Debug;
		};
		9A8CF3BD26F594DA000EB91E /* Release */ = {
			isa = XCBuildConfiguration;
			buildSettings = {
				CODE_SIGN_STYLE = Automatic;
				PRODUCT_NAME = CppConsole;
			};
			name = Release;
		};
/* End XCBuildConfiguration section */

/* Begin XCConfigurationList section */
		9A8CF3AF26F594DA000EB91E /* Build configuration list for PBXProject "CppConsole" */ = {
			isa = XCConfigurationList;
			buildConfigurations = (
				9A8CF3B926F594DA000EB91E /* Debug */,
				9A8CF3BA26F594DA000EB91E /* Release */,
			);
			defaultConfigurationIsVisible = 0;
			defaultConfigurationName = Release;
		};
		9A8CF3BB26F594DA000EB91E /* Build configuration list for PBXNativeTarget "testConsole" */ = {
			isa = XCConfigurationList;
			buildConfigurations = (
				9A8CF3BC26F594DA000EB91E /* Debug */,
				9A8CF3BD26F594DA000EB91E /* Release */,
			);
			defaultConfigurationIsVisible = 0;
			defaultConfigurationName = Release;
		};
/* End XCConfigurationList section */
	};
	rootObject = 9A8CF3AC26F594DA000EB91E /* Project object */;
}
